
Microsoft Visual Studio Solution File, Format Version 12.00
# Visual Studio 14
VisualStudioVersion = 14.0.23107.0
MinimumVisualStudioVersion = 10.0.40219.1
Project("{FAE04EC0-301F-11D3-BF4B-00C04F79EFBC}") = "1.Hello", "Hello\1.Hello.csproj", "{32280E0C-C984-4F6C-B3F4-285F55330B44}"
EndProject
Project("{FAE04EC0-301F-11D3-BF4B-00C04F79EFBC}") = "2.Hello - Wydzielone Metody", "Hello - Wydzielone Metody\2.Hello - Wydzielone Metody.csproj", "{792494D0-030C-4BFD-9883-DA60E58A50DB}"
EndProject
Project("{FAE04EC0-301F-11D3-BF4B-00C04F79EFBC}") = "3.Dzienniczek Ucznia", "3.Dzienniczek Ucznia\3.Dzienniczek Ucznia.csproj", "{E4EF2717-72B9-4B34-B1D2-1A406D3B9088}"
EndProject
Project("{FAE04EC0-301F-11D3-BF4B-00C04F79EFBC}") = "4.Dzienniczek Ucznia - z konstruktorem", "4.Dzienniczek Ucznia - z konstruktorem\4.Dzienniczek Ucznia - z konstruktorem.csproj", "{CAFC2EF9-0AA0-498F-9E1C-043A846225E8}"
EndProject
Project("{FAE04EC0-301F-11D3-BF4B-00C04F79EFBC}") = "5.Constructors", "5.Constructors\5.Constructors.csproj", "{1EAA7668-B93D-4F33-8D66-4FF21D213076}"
EndProject
Project("{FAE04EC0-301F-11D3-BF4B-00C04F79EFBC}") = "6.Odcinek 10 Klasa a zmienna", "6.Odcinek 10 Klasa a zmienna\6.Odcinek 10 Klasa a zmienna.csproj", "{E27546FB-D54C-4547-BD9E-86D79C7C0903}"
EndProject
Project("{FAE04EC0-301F-11D3-BF4B-00C04F79EFBC}") = "7. Dzienniczek Ucznia - Hermetyzacja i Static", "7. Dzienniczek Ucznia - Hermetyzacja\7. Dzienniczek Ucznia - Hermetyzacja i Static.csproj", "{D0D447AF-1B0B-4616-AE1E-4AED0F806821}"
EndProject
Project("{FAE04EC0-301F-11D3-BF4B-00C04F79EFBC}") = "8.Typy Referencyjne i Wartościowe", "8.Typy Referencyjne i Wrtościowe\8.Typy Referencyjne i Wartościowe.csproj", "{3CF55F4D-F7B6-4336-8263-5F0B17E3D924}"
EndProject
Project("{FAE04EC0-301F-11D3-BF4B-00C04F79EFBC}") = "9. Parametry metody oraz ref i out", "Parametry metody oraz ref i out\9. Parametry metody oraz ref i out.csproj", "{3A8DF214-AC88-407C-A642-24ACBC166441}"
EndProject
Project("{FAE04EC0-301F-11D3-BF4B-00C04F79EFBC}") = "A 10. Structs and Enums - Struktury i Wyliczenia", "Structs and Enums\A 10. Structs and Enums - Struktury i Wyliczenia.csproj", "{2CD84EED-1C13-4190-A2CB-87576CE66FAE}"
EndProject
Project("{FAE04EC0-301F-11D3-BF4B-00C04F79EFBC}") = "A 11. Immutable - niezmienność typów wartościowych", "A 11. Immutable\A 11. Immutable - niezmienność typów wartościowych.csproj", "{3F33004F-A50F-450F-B7C5-35087DB029F7}"
EndProject
Project("{FAE04EC0-301F-11D3-BF4B-00C04F79EFBC}") = "A 12. Tablice", "A 12. Tablice\A 12. Tablice.csproj", "{2CCAE446-E1F3-4395-B7B7-4EF917341072}"
EndProject
Project("{FAE04EC0-301F-11D3-BF4B-00C04F79EFBC}") = "A 13. Assemblies-zlozenia", "A 13. Assemblies-zlozenia\A 13. Assemblies-zlozenia.csproj", "{43E2F2D6-E45E-4B9D-867D-14DC62D5EF67}"
EndProject
Project("{FAE04EC0-301F-11D3-BF4B-00C04F79EFBC}") = "A14.Typy", "A14.Typy\A14.Typy.csproj", "{5D9ABE4E-4F56-4010-AFDC-E21715AE63B8}"
EndProject
Project("{FAE04EC0-301F-11D3-BF4B-00C04F79EFBC}") = "A14.Typy.Tests", "A14.Typy.Tests\A14.Typy.Tests.csproj", "{0D898EE5-410F-43AB-9731-916617966210}"
EndProject
Project("{FAE04EC0-301F-11D3-BF4B-00C04F79EFBC}") = "A15.Czlonkowie_Metody", "A15.Czlonkowie\A15.Czlonkowie_Metody.csproj", "{84DEEF37-2474-4C9E-A942-58B123F78D4D}"
EndProject
Global
	GlobalSection(SolutionConfigurationPlatforms) = preSolution
		Debug|Any CPU = Debug|Any CPU
		Release|Any CPU = Release|Any CPU
	EndGlobalSection
	GlobalSection(ProjectConfigurationPlatforms) = postSolution
		{32280E0C-C984-4F6C-B3F4-285F55330B44}.Debug|Any CPU.ActiveCfg = Debug|Any CPU
		{32280E0C-C984-4F6C-B3F4-285F55330B44}.Debug|Any CPU.Build.0 = Debug|Any CPU
		{32280E0C-C984-4F6C-B3F4-285F55330B44}.Release|Any CPU.ActiveCfg = Release|Any CPU
		{32280E0C-C984-4F6C-B3F4-285F55330B44}.Release|Any CPU.Build.0 = Release|Any CPU
		{792494D0-030C-4BFD-9883-DA60E58A50DB}.Debug|Any CPU.ActiveCfg = Debug|Any CPU
		{792494D0-030C-4BFD-9883-DA60E58A50DB}.Debug|Any CPU.Build.0 = Debug|Any CPU
		{792494D0-030C-4BFD-9883-DA60E58A50DB}.Release|Any CPU.ActiveCfg = Release|Any CPU
		{792494D0-030C-4BFD-9883-DA60E58A50DB}.Release|Any CPU.Build.0 = Release|Any CPU
		{E4EF2717-72B9-4B34-B1D2-1A406D3B9088}.Debug|Any CPU.ActiveCfg = Debug|Any CPU
		{E4EF2717-72B9-4B34-B1D2-1A406D3B9088}.Debug|Any CPU.Build.0 = Debug|Any CPU
		{E4EF2717-72B9-4B34-B1D2-1A406D3B9088}.Release|Any CPU.ActiveCfg = Release|Any CPU
		{E4EF2717-72B9-4B34-B1D2-1A406D3B9088}.Release|Any CPU.Build.0 = Release|Any CPU
		{CAFC2EF9-0AA0-498F-9E1C-043A846225E8}.Debug|Any CPU.ActiveCfg = Debug|Any CPU
		{CAFC2EF9-0AA0-498F-9E1C-043A846225E8}.Debug|Any CPU.Build.0 = Debug|Any CPU
		{CAFC2EF9-0AA0-498F-9E1C-043A846225E8}.Release|Any CPU.ActiveCfg = Release|Any CPU
		{CAFC2EF9-0AA0-498F-9E1C-043A846225E8}.Release|Any CPU.Build.0 = Release|Any CPU
		{1EAA7668-B93D-4F33-8D66-4FF21D213076}.Debug|Any CPU.ActiveCfg = Debug|Any CPU
		{1EAA7668-B93D-4F33-8D66-4FF21D213076}.Debug|Any CPU.Build.0 = Debug|Any CPU
		{1EAA7668-B93D-4F33-8D66-4FF21D213076}.Release|Any CPU.ActiveCfg = Release|Any CPU
		{1EAA7668-B93D-4F33-8D66-4FF21D213076}.Release|Any CPU.Build.0 = Release|Any CPU
		{E27546FB-D54C-4547-BD9E-86D79C7C0903}.Debug|Any CPU.ActiveCfg = Debug|Any CPU
		{E27546FB-D54C-4547-BD9E-86D79C7C0903}.Debug|Any CPU.Build.0 = Debug|Any CPU
		{E27546FB-D54C-4547-BD9E-86D79C7C0903}.Release|Any CPU.ActiveCfg = Release|Any CPU
		{E27546FB-D54C-4547-BD9E-86D79C7C0903}.Release|Any CPU.Build.0 = Release|Any CPU
		{D0D447AF-1B0B-4616-AE1E-4AED0F806821}.Debug|Any CPU.ActiveCfg = Debug|Any CPU
		{D0D447AF-1B0B-4616-AE1E-4AED0F806821}.Debug|Any CPU.Build.0 = Debug|Any CPU
		{D0D447AF-1B0B-4616-AE1E-4AED0F806821}.Release|Any CPU.ActiveCfg = Release|Any CPU
		{D0D447AF-1B0B-4616-AE1E-4AED0F806821}.Release|Any CPU.Build.0 = Release|Any CPU
		{3CF55F4D-F7B6-4336-8263-5F0B17E3D924}.Debug|Any CPU.ActiveCfg = Debug|Any CPU
		{3CF55F4D-F7B6-4336-8263-5F0B17E3D924}.Debug|Any CPU.Build.0 = Debug|Any CPU
		{3CF55F4D-F7B6-4336-8263-5F0B17E3D924}.Release|Any CPU.ActiveCfg = Release|Any CPU
		{3CF55F4D-F7B6-4336-8263-5F0B17E3D924}.Release|Any CPU.Build.0 = Release|Any CPU
		{3A8DF214-AC88-407C-A642-24ACBC166441}.Debug|Any CPU.ActiveCfg = Debug|Any CPU
		{3A8DF214-AC88-407C-A642-24ACBC166441}.Debug|Any CPU.Build.0 = Debug|Any CPU
		{3A8DF214-AC88-407C-A642-24ACBC166441}.Release|Any CPU.ActiveCfg = Release|Any CPU
		{3A8DF214-AC88-407C-A642-24ACBC166441}.Release|Any CPU.Build.0 = Release|Any CPU
		{2CD84EED-1C13-4190-A2CB-87576CE66FAE}.Debug|Any CPU.ActiveCfg = Debug|Any CPU
		{2CD84EED-1C13-4190-A2CB-87576CE66FAE}.Debug|Any CPU.Build.0 = Debug|Any CPU
		{2CD84EED-1C13-4190-A2CB-87576CE66FAE}.Release|Any CPU.ActiveCfg = Release|Any CPU
		{2CD84EED-1C13-4190-A2CB-87576CE66FAE}.Release|Any CPU.Build.0 = Release|Any CPU
		{3F33004F-A50F-450F-B7C5-35087DB029F7}.Debug|Any CPU.ActiveCfg = Debug|Any CPU
		{3F33004F-A50F-450F-B7C5-35087DB029F7}.Debug|Any CPU.Build.0 = Debug|Any CPU
		{3F33004F-A50F-450F-B7C5-35087DB029F7}.Release|Any CPU.ActiveCfg = Release|Any CPU
		{3F33004F-A50F-450F-B7C5-35087DB029F7}.Release|Any CPU.Build.0 = Release|Any CPU
		{2CCAE446-E1F3-4395-B7B7-4EF917341072}.Debug|Any CPU.ActiveCfg = Debug|Any CPU
		{2CCAE446-E1F3-4395-B7B7-4EF917341072}.Debug|Any CPU.Build.0 = Debug|Any CPU
		{2CCAE446-E1F3-4395-B7B7-4EF917341072}.Release|Any CPU.ActiveCfg = Release|Any CPU
		{2CCAE446-E1F3-4395-B7B7-4EF917341072}.Release|Any CPU.Build.0 = Release|Any CPU
		{43E2F2D6-E45E-4B9D-867D-14DC62D5EF67}.Debug|Any CPU.ActiveCfg = Debug|Any CPU
		{43E2F2D6-E45E-4B9D-867D-14DC62D5EF67}.Debug|Any CPU.Build.0 = Debug|Any CPU
		{43E2F2D6-E45E-4B9D-867D-14DC62D5EF67}.Release|Any CPU.ActiveCfg = Release|Any CPU
		{43E2F2D6-E45E-4B9D-867D-14DC62D5EF67}.Release|Any CPU.Build.0 = Release|Any CPU
		{5D9ABE4E-4F56-4010-AFDC-E21715AE63B8}.Debug|Any CPU.ActiveCfg = Debug|Any CPU
		{5D9ABE4E-4F56-4010-AFDC-E21715AE63B8}.Debug|Any CPU.Build.0 = Debug|Any CPU
		{5D9ABE4E-4F56-4010-AFDC-E21715AE63B8}.Release|Any CPU.ActiveCfg = Release|Any CPU
		{5D9ABE4E-4F56-4010-AFDC-E21715AE63B8}.Release|Any CPU.Build.0 = Release|Any CPU
		{0D898EE5-410F-43AB-9731-916617966210}.Debug|Any CPU.ActiveCfg = Debug|Any CPU
		{0D898EE5-410F-43AB-9731-916617966210}.Debug|Any CPU.Build.0 = Debug|Any CPU
		{0D898EE5-410F-43AB-9731-916617966210}.Release|Any CPU.ActiveCfg = Release|Any CPU
		{0D898EE5-410F-43AB-9731-916617966210}.Release|Any CPU.Build.0 = Release|Any CPU
		{84DEEF37-2474-4C9E-A942-58B123F78D4D}.Debug|Any CPU.ActiveCfg = Debug|Any CPU
		{84DEEF37-2474-4C9E-A942-58B123F78D4D}.Debug|Any CPU.Build.0 = Debug|Any CPU
		{84DEEF37-2474-4C9E-A942-58B123F78D4D}.Release|Any CPU.ActiveCfg = Release|Any CPU
		{84DEEF37-2474-4C9E-A942-58B123F78D4D}.Release|Any CPU.Build.0 = Release|Any CPU
	EndGlobalSection
	GlobalSection(SolutionProperties) = preSolution
		HideSolutionNode = FALSE
	EndGlobalSection
EndGlobal
